
Microsoft Visual Studio Solution File, Format Version 12.00
# Visual Studio Version 17
VisualStudioVersion = 17.11.35208.52
MinimumVisualStudioVersion = 10.0.40219.1
Project("{FAE04EC0-301F-11D3-BF4B-00C04F79EFBC}") = "stockApp", "stockApp\stockApp.csproj", "{2DB7EB06-F9FD-4700-B1C2-03C63C4A3D6F}"
EndProject
Global
	GlobalSection(SolutionConfigurationPlatforms) = preSolution
		Debug|Any CPU = Debug|Any CPU
		Release|Any CPU = Release|Any CPU
	EndGlobalSection
	GlobalSection(ProjectConfigurationPlatforms) = postSolution
		{2DB7EB06-F9FD-4700-B1C2-03C63C4A3D6F}.Debug|Any CPU.ActiveCfg = Debug|Any CPU
		{2DB7EB06-F9FD-4700-B1C2-03C63C4A3D6F}.Debug|Any CPU.Build.0 = Debug|Any CPU
		{2DB7EB06-F9FD-4700-B1C2-03C63C4A3D6F}.Release|Any CPU.ActiveCfg = Release|Any CPU
		{2DB7EB06-F9FD-4700-B1C2-03C63C4A3D6F}.Release|Any CPU.Build.0 = Release|Any CPU
	EndGlobalSection
	GlobalSection(SolutionProperties) = preSolution
		HideSolutionNode = FALSE
	EndGlobalSection
	GlobalSection(ExtensibilityGlobals) = postSolution
		SolutionGuid = {375FC0C1-F232-41D1-B09A-BC08FDBE3417}
	EndGlobalSection
EndGlobal
